
Microsoft Visual Studio Solution File, Format Version 12.00
# Visual Studio Version 17
VisualStudioVersion = 17.2.32630.192
MinimumVisualStudioVersion = 10.0.40219.1
Project("{9A19103F-16F7-4668-BE54-9A1E7A4F7556}") = "DriverPlannerAlgorithm", "src\DriverPlannerAlgorithm\DriverPlannerAlgorithm.csproj", "{EBDF39EC-B296-40C9-B9DE-81819CFEB4DA}"
EndProject
Project("{9A19103F-16F7-4668-BE54-9A1E7A4F7556}") = "DriverPlannerShared", "src\DriverPlannerShared\DriverPlannerShared.csproj", "{3D637D60-1EBE-43CF-99F6-EEB5A9D0A700}"
EndProject
Project("{9A19103F-16F7-4668-BE54-9A1E7A4F7556}") = "DriverPlannerUi", "src\DriverPlannerUi\DriverPlannerUi.csproj", "{DC59CC21-F84A-4696-AF2D-1C0320E1F9F6}"
EndProject
Global
	GlobalSection(SolutionConfigurationPlatforms) = preSolution
		Debug|Any CPU = Debug|Any CPU
		Release|Any CPU = Release|Any CPU
	EndGlobalSection
	GlobalSection(ProjectConfigurationPlatforms) = postSolution
		{EBDF39EC-B296-40C9-B9DE-81819CFEB4DA}.Debug|Any CPU.ActiveCfg = Debug|Any CPU
		{EBDF39EC-B296-40C9-B9DE-81819CFEB4DA}.Debug|Any CPU.Build.0 = Debug|Any CPU
		{EBDF39EC-B296-40C9-B9DE-81819CFEB4DA}.Release|Any CPU.ActiveCfg = Release|Any CPU
		{EBDF39EC-B296-40C9-B9DE-81819CFEB4DA}.Release|Any CPU.Build.0 = Release|Any CPU
		{3D637D60-1EBE-43CF-99F6-EEB5A9D0A700}.Debug|Any CPU.ActiveCfg = Debug|Any CPU
		{3D637D60-1EBE-43CF-99F6-EEB5A9D0A700}.Debug|Any CPU.Build.0 = Debug|Any CPU
		{3D637D60-1EBE-43CF-99F6-EEB5A9D0A700}.Release|Any CPU.ActiveCfg = Release|Any CPU
		{3D637D60-1EBE-43CF-99F6-EEB5A9D0A700}.Release|Any CPU.Build.0 = Release|Any CPU
		{DC59CC21-F84A-4696-AF2D-1C0320E1F9F6}.Debug|Any CPU.ActiveCfg = Debug|Any CPU
		{DC59CC21-F84A-4696-AF2D-1C0320E1F9F6}.Debug|Any CPU.Build.0 = Debug|Any CPU
		{DC59CC21-F84A-4696-AF2D-1C0320E1F9F6}.Release|Any CPU.ActiveCfg = Release|Any CPU
		{DC59CC21-F84A-4696-AF2D-1C0320E1F9F6}.Release|Any CPU.Build.0 = Release|Any CPU
	EndGlobalSection
	GlobalSection(SolutionProperties) = preSolution
		HideSolutionNode = FALSE
	EndGlobalSection
	GlobalSection(ExtensibilityGlobals) = postSolution
		SolutionGuid = {43AAD8DF-5E9E-4F81-9EC4-987F1C15CA6F}
	EndGlobalSection
EndGlobal
